// !$*UTF8*$!
{
	archiveVersion = 1;
	classes = {
	};
	objectVersion = 46;
	objects = {

/* Begin PBXBuildFile section */
		0D2334FB13709FD0E99709E2 /* Pods_fangMT.framework in Frameworks */ = {isa = PBXBuildFile; fileRef = AC298A2CBAC626D63C13B815 /* Pods_fangMT.framework */; };
		E71F73F11EBEEDE500947704 /* UIView+Border.m in Sources */ = {isa = PBXBuildFile; fileRef = E71F73F01EBEEDE500947704 /* UIView+Border.m */; };
		E71F73F41EBEFC6900947704 /* HomePageFilterCollectionViewCell.m in Sources */ = {isa = PBXBuildFile; fileRef = E71F73F31EBEFC6900947704 /* HomePageFilterCollectionViewCell.m */; };
		E71F73F81EBEFDD100947704 /* HomePageFilterCollectionViewViewModel.m in Sources */ = {isa = PBXBuildFile; fileRef = E71F73F71EBEFDD100947704 /* HomePageFilterCollectionViewViewModel.m */; };
		E71F73FB1EBEFEAE00947704 /* HomePageFilterCollectionViewModel.m in Sources */ = {isa = PBXBuildFile; fileRef = E71F73FA1EBEFEAE00947704 /* HomePageFilterCollectionViewModel.m */; };
		E759DD651EC2233800C4F2EE /* HomePageFilterCollectionViewController.m in Sources */ = {isa = PBXBuildFile; fileRef = E759DD641EC2233800C4F2EE /* HomePageFilterCollectionViewController.m */; };
		E759DD691EC228B700C4F2EE /* HomePageRecommendViewController.m in Sources */ = {isa = PBXBuildFile; fileRef = E759DD681EC228B700C4F2EE /* HomePageRecommendViewController.m */; };
		E759DD6D1EC2295200C4F2EE /* HomePageRecommendViewModel.m in Sources */ = {isa = PBXBuildFile; fileRef = E759DD6C1EC2295200C4F2EE /* HomePageRecommendViewModel.m */; };
		E759DD701EC2297500C4F2EE /* HomePageRecommendModel.m in Sources */ = {isa = PBXBuildFile; fileRef = E759DD6F1EC2297500C4F2EE /* HomePageRecommendModel.m */; };
		E759DD731EC22E9C00C4F2EE /* HomePageRecommendViewCell.m in Sources */ = {isa = PBXBuildFile; fileRef = E759DD721EC22E9C00C4F2EE /* HomePageRecommendViewCell.m */; };
		E78AFCAA1EBAD61A00A58889 /* MerchantInfoListModel.m in Sources */ = {isa = PBXBuildFile; fileRef = E78AFCA91EBAD61A00A58889 /* MerchantInfoListModel.m */; };
		E78AFCAD1EBAD63F00A58889 /* MerchantInfoListViewModel.m in Sources */ = {isa = PBXBuildFile; fileRef = E78AFCAC1EBAD63F00A58889 /* MerchantInfoListViewModel.m */; };
		E78AFCB01EBAD9A500A58889 /* MerchantInfoListTableViewCell.m in Sources */ = {isa = PBXBuildFile; fileRef = E78AFCAF1EBAD9A500A58889 /* MerchantInfoListTableViewCell.m */; };
		E78AFCB51EBBF00400A58889 /* HomePageTableHeaderView.m in Sources */ = {isa = PBXBuildFile; fileRef = E78AFCB41EBBF00400A58889 /* HomePageTableHeaderView.m */; };
		E7CA8F3C1EB9C31A008302A7 /* main.m in Sources */ = {isa = PBXBuildFile; fileRef = E7CA8F3B1EB9C31A008302A7 /* main.m */; };
		E7CA8F3F1EB9C31A008302A7 /* AppDelegate.m in Sources */ = {isa = PBXBuildFile; fileRef = E7CA8F3E1EB9C31A008302A7 /* AppDelegate.m */; };
		E7CA8F421EB9C31A008302A7 /* HomePageViewController.m in Sources */ = {isa = PBXBuildFile; fileRef = E7CA8F411EB9C31A008302A7 /* HomePageViewController.m */; };
		E7CA8F451EB9C31A008302A7 /* Main.storyboard in Resources */ = {isa = PBXBuildFile; fileRef = E7CA8F431EB9C31A008302A7 /* Main.storyboard */; };
		E7CA8F471EB9C31A008302A7 /* Assets.xcassets in Resources */ = {isa = PBXBuildFile; fileRef = E7CA8F461EB9C31A008302A7 /* Assets.xcassets */; };
		E7CA8F4A1EB9C31A008302A7 /* LaunchScreen.storyboard in Resources */ = {isa = PBXBuildFile; fileRef = E7CA8F481EB9C31A008302A7 /* LaunchScreen.storyboard */; };
		E7CA8F551EB9C31A008302A7 /* fangMTTests.m in Sources */ = {isa = PBXBuildFile; fileRef = E7CA8F541EB9C31A008302A7 /* fangMTTests.m */; };
		E7CA8F601EB9C31A008302A7 /* fangMTUITests.m in Sources */ = {isa = PBXBuildFile; fileRef = E7CA8F5F1EB9C31A008302A7 /* fangMTUITests.m */; };
		E7F567341EBF7FDB00AB78EC /* MJChiBaoZiHeader.m in Sources */ = {isa = PBXBuildFile; fileRef = E7F567331EBF7FDB00AB78EC /* MJChiBaoZiHeader.m */; };
		E7F5673B1EC1458300AB78EC /* DOPDropDownMenu1.m in Sources */ = {isa = PBXBuildFile; fileRef = E7F5673A1EC1458300AB78EC /* DOPDropDownMenu1.m */; };
/* End PBXBuildFile section */

/* Begin PBXContainerItemProxy section */
		E7CA8F511EB9C31A008302A7 /* PBXContainerItemProxy */ = {
			isa = PBXContainerItemProxy;
			containerPortal = E7CA8F2F1EB9C31A008302A7 /* Project object */;
			proxyType = 1;
			remoteGlobalIDString = E7CA8F361EB9C31A008302A7;
			remoteInfo = fangMT;
		};
		E7CA8F5C1EB9C31A008302A7 /* PBXContainerItemProxy */ = {
			isa = PBXContainerItemProxy;
			containerPortal = E7CA8F2F1EB9C31A008302A7 /* Project object */;
			proxyType = 1;
			remoteGlobalIDString = E7CA8F361EB9C31A008302A7;
			remoteInfo = fangMT;
		};
/* End PBXContainerItemProxy section */

/* Begin PBXFileReference section */
		28BE4439AD234E696C02332B /* Pods-fangMT.release.xcconfig */ = {isa = PBXFileReference; includeInIndex = 1; lastKnownFileType = text.xcconfig; name = "Pods-fangMT.release.xcconfig"; path = "Pods/Target Support Files/Pods-fangMT/Pods-fangMT.release.xcconfig"; sourceTree = "<group>"; };
		73078405244DF39C152B10EE /* Pods-fangMT.debug.xcconfig */ = {isa = PBXFileReference; includeInIndex = 1; lastKnownFileType = text.xcconfig; name = "Pods-fangMT.debug.xcconfig"; path = "Pods/Target Support Files/Pods-fangMT/Pods-fangMT.debug.xcconfig"; sourceTree = "<group>"; };
		AC298A2CBAC626D63C13B815 /* Pods_fangMT.framework */ = {isa = PBXFileReference; explicitFileType = wrapper.framework; includeInIndex = 0; path = Pods_fangMT.framework; sourceTree = BUILT_PRODUCTS_DIR; };
		E71F73EF1EBEEDE500947704 /* UIView+Border.h */ = {isa = PBXFileReference; fileEncoding = 4; lastKnownFileType = sourcecode.c.h; name = "UIView+Border.h"; path = "fangMT/UIView+Border.h"; sourceTree = "<group>"; };
		E71F73F01EBEEDE500947704 /* UIView+Border.m */ = {isa = PBXFileReference; fileEncoding = 4; lastKnownFileType = sourcecode.c.objc; name = "UIView+Border.m"; path = "fangMT/UIView+Border.m"; sourceTree = "<group>"; };
		E71F73F21EBEFC6900947704 /* HomePageFilterCollectionViewCell.h */ = {isa = PBXFileReference; fileEncoding = 4; lastKnownFileType = sourcecode.c.h; path = HomePageFilterCollectionViewCell.h; sourceTree = "<group>"; };
		E71F73F31EBEFC6900947704 /* HomePageFilterCollectionViewCell.m */ = {isa = PBXFileReference; fileEncoding = 4; lastKnownFileType = sourcecode.c.objc; path = HomePageFilterCollectionViewCell.m; sourceTree = "<group>"; };
		E71F73F61EBEFDD100947704 /* HomePageFilterCollectionViewViewModel.h */ = {isa = PBXFileReference; fileEncoding = 4; lastKnownFileType = sourcecode.c.h; path = HomePageFilterCollectionViewViewModel.h; sourceTree = "<group>"; };
		E71F73F71EBEFDD100947704 /* HomePageFilterCollectionViewViewModel.m */ = {isa = PBXFileReference; fileEncoding = 4; lastKnownFileType = sourcecode.c.objc; path = HomePageFilterCollectionViewViewModel.m; sourceTree = "<group>"; };
		E71F73F91EBEFEAE00947704 /* HomePageFilterCollectionViewModel.h */ = {isa = PBXFileReference; fileEncoding = 4; lastKnownFileType = sourcecode.c.h; path = HomePageFilterCollectionViewModel.h; sourceTree = "<group>"; };
		E71F73FA1EBEFEAE00947704 /* HomePageFilterCollectionViewModel.m */ = {isa = PBXFileReference; fileEncoding = 4; lastKnownFileType = sourcecode.c.objc; path = HomePageFilterCollectionViewModel.m; sourceTree = "<group>"; };
		E759DD631EC2233800C4F2EE /* HomePageFilterCollectionViewController.h */ = {isa = PBXFileReference; fileEncoding = 4; lastKnownFileType = sourcecode.c.h; path = HomePageFilterCollectionViewController.h; sourceTree = "<group>"; };
		E759DD641EC2233800C4F2EE /* HomePageFilterCollectionViewController.m */ = {isa = PBXFileReference; fileEncoding = 4; lastKnownFileType = sourcecode.c.objc; path = HomePageFilterCollectionViewController.m; sourceTree = "<group>"; };
		E759DD671EC228B700C4F2EE /* HomePageRecommendViewController.h */ = {isa = PBXFileReference; fileEncoding = 4; lastKnownFileType = sourcecode.c.h; path = HomePageRecommendViewController.h; sourceTree = "<group>"; };
		E759DD681EC228B700C4F2EE /* HomePageRecommendViewController.m */ = {isa = PBXFileReference; fileEncoding = 4; lastKnownFileType = sourcecode.c.objc; path = HomePageRecommendViewController.m; sourceTree = "<group>"; };
		E759DD6B1EC2295200C4F2EE /* HomePageRecommendViewModel.h */ = {isa = PBXFileReference; fileEncoding = 4; lastKnownFileType = sourcecode.c.h; path = HomePageRecommendViewModel.h; sourceTree = "<group>"; };
		E759DD6C1EC2295200C4F2EE /* HomePageRecommendViewModel.m */ = {isa = PBXFileReference; fileEncoding = 4; lastKnownFileType = sourcecode.c.objc; path = HomePageRecommendViewModel.m; sourceTree = "<group>"; };
		E759DD6E1EC2297500C4F2EE /* HomePageRecommendModel.h */ = {isa = PBXFileReference; fileEncoding = 4; lastKnownFileType = sourcecode.c.h; path = HomePageRecommendModel.h; sourceTree = "<group>"; };
		E759DD6F1EC2297500C4F2EE /* HomePageRecommendModel.m */ = {isa = PBXFileReference; fileEncoding = 4; lastKnownFileType = sourcecode.c.objc; path = HomePageRecommendModel.m; sourceTree = "<group>"; };
		E759DD711EC22E9C00C4F2EE /* HomePageRecommendViewCell.h */ = {isa = PBXFileReference; fileEncoding = 4; lastKnownFileType = sourcecode.c.h; path = HomePageRecommendViewCell.h; sourceTree = "<group>"; };
		E759DD721EC22E9C00C4F2EE /* HomePageRecommendViewCell.m */ = {isa = PBXFileReference; fileEncoding = 4; lastKnownFileType = sourcecode.c.objc; path = HomePageRecommendViewCell.m; sourceTree = "<group>"; };
		E78AFCA81EBAD61A00A58889 /* MerchantInfoListModel.h */ = {isa = PBXFileReference; fileEncoding = 4; lastKnownFileType = sourcecode.c.h; path = MerchantInfoListModel.h; sourceTree = "<group>"; };
		E78AFCA91EBAD61A00A58889 /* MerchantInfoListModel.m */ = {isa = PBXFileReference; fileEncoding = 4; lastKnownFileType = sourcecode.c.objc; path = MerchantInfoListModel.m; sourceTree = "<group>"; };
		E78AFCAB1EBAD63F00A58889 /* MerchantInfoListViewModel.h */ = {isa = PBXFileReference; fileEncoding = 4; lastKnownFileType = sourcecode.c.h; path = MerchantInfoListViewModel.h; sourceTree = "<group>"; };
		E78AFCAC1EBAD63F00A58889 /* MerchantInfoListViewModel.m */ = {isa = PBXFileReference; fileEncoding = 4; lastKnownFileType = sourcecode.c.objc; path = MerchantInfoListViewModel.m; sourceTree = "<group>"; };
		E78AFCAE1EBAD9A500A58889 /* MerchantInfoListTableViewCell.h */ = {isa = PBXFileReference; fileEncoding = 4; lastKnownFileType = sourcecode.c.h; path = MerchantInfoListTableViewCell.h; sourceTree = "<group>"; };
		E78AFCAF1EBAD9A500A58889 /* MerchantInfoListTableViewCell.m */ = {isa = PBXFileReference; fileEncoding = 4; lastKnownFileType = sourcecode.c.objc; path = MerchantInfoListTableViewCell.m; sourceTree = "<group>"; };
		E78AFCB31EBBF00400A58889 /* HomePageTableHeaderView.h */ = {isa = PBXFileReference; fileEncoding = 4; lastKnownFileType = sourcecode.c.h; path = HomePageTableHeaderView.h; sourceTree = "<group>"; };
		E78AFCB41EBBF00400A58889 /* HomePageTableHeaderView.m */ = {isa = PBXFileReference; fileEncoding = 4; lastKnownFileType = sourcecode.c.objc; path = HomePageTableHeaderView.m; sourceTree = "<group>"; };
		E7AB3E771EBC891F0028D948 /* CommonHeader.pch */ = {isa = PBXFileReference; fileEncoding = 4; lastKnownFileType = sourcecode.c.h; path = CommonHeader.pch; sourceTree = "<group>"; };
		E7CA8F371EB9C31A008302A7 /* fangMT.app */ = {isa = PBXFileReference; explicitFileType = wrapper.application; includeInIndex = 0; path = fangMT.app; sourceTree = BUILT_PRODUCTS_DIR; };
		E7CA8F3B1EB9C31A008302A7 /* main.m */ = {isa = PBXFileReference; lastKnownFileType = sourcecode.c.objc; path = main.m; sourceTree = "<group>"; };
		E7CA8F3D1EB9C31A008302A7 /* AppDelegate.h */ = {isa = PBXFileReference; lastKnownFileType = sourcecode.c.h; path = AppDelegate.h; sourceTree = "<group>"; };
		E7CA8F3E1EB9C31A008302A7 /* AppDelegate.m */ = {isa = PBXFileReference; lastKnownFileType = sourcecode.c.objc; path = AppDelegate.m; sourceTree = "<group>"; };
		E7CA8F401EB9C31A008302A7 /* HomePageViewController.h */ = {isa = PBXFileReference; lastKnownFileType = sourcecode.c.h; path = HomePageViewController.h; sourceTree = "<group>"; };
		E7CA8F411EB9C31A008302A7 /* HomePageViewController.m */ = {isa = PBXFileReference; lastKnownFileType = sourcecode.c.objc; path = HomePageViewController.m; sourceTree = "<group>"; };
		E7CA8F441EB9C31A008302A7 /* Base */ = {isa = PBXFileReference; lastKnownFileType = file.storyboard; name = Base; path = Base.lproj/Main.storyboard; sourceTree = "<group>"; };
		E7CA8F461EB9C31A008302A7 /* Assets.xcassets */ = {isa = PBXFileReference; lastKnownFileType = folder.assetcatalog; path = Assets.xcassets; sourceTree = "<group>"; };
		E7CA8F491EB9C31A008302A7 /* Base */ = {isa = PBXFileReference; lastKnownFileType = file.storyboard; name = Base; path = Base.lproj/LaunchScreen.storyboard; sourceTree = "<group>"; };
		E7CA8F4B1EB9C31A008302A7 /* Info.plist */ = {isa = PBXFileReference; lastKnownFileType = text.plist.xml; path = Info.plist; sourceTree = "<group>"; };
		E7CA8F501EB9C31A008302A7 /* fangMTTests.xctest */ = {isa = PBXFileReference; explicitFileType = wrapper.cfbundle; includeInIndex = 0; path = fangMTTests.xctest; sourceTree = BUILT_PRODUCTS_DIR; };
		E7CA8F541EB9C31A008302A7 /* fangMTTests.m */ = {isa = PBXFileReference; lastKnownFileType = sourcecode.c.objc; path = fangMTTests.m; sourceTree = "<group>"; };
		E7CA8F561EB9C31A008302A7 /* Info.plist */ = {isa = PBXFileReference; lastKnownFileType = text.plist.xml; path = Info.plist; sourceTree = "<group>"; };
		E7CA8F5B1EB9C31A008302A7 /* fangMTUITests.xctest */ = {isa = PBXFileReference; explicitFileType = wrapper.cfbundle; includeInIndex = 0; path = fangMTUITests.xctest; sourceTree = BUILT_PRODUCTS_DIR; };
		E7CA8F5F1EB9C31A008302A7 /* fangMTUITests.m */ = {isa = PBXFileReference; lastKnownFileType = sourcecode.c.objc; path = fangMTUITests.m; sourceTree = "<group>"; };
		E7CA8F611EB9C31A008302A7 /* Info.plist */ = {isa = PBXFileReference; lastKnownFileType = text.plist.xml; path = Info.plist; sourceTree = "<group>"; };
		E7F567321EBF7FDB00AB78EC /* MJChiBaoZiHeader.h */ = {isa = PBXFileReference; fileEncoding = 4; lastKnownFileType = sourcecode.c.h; name = MJChiBaoZiHeader.h; path = fangMT/MJChiBaoZiHeader.h; sourceTree = "<group>"; };
		E7F567331EBF7FDB00AB78EC /* MJChiBaoZiHeader.m */ = {isa = PBXFileReference; fileEncoding = 4; lastKnownFileType = sourcecode.c.objc; name = MJChiBaoZiHeader.m; path = fangMT/MJChiBaoZiHeader.m; sourceTree = "<group>"; };
		E7F567391EC1458300AB78EC /* DOPDropDownMenu1.h */ = {isa = PBXFileReference; fileEncoding = 4; lastKnownFileType = sourcecode.c.h; path = DOPDropDownMenu1.h; sourceTree = "<group>"; };
		E7F5673A1EC1458300AB78EC /* DOPDropDownMenu1.m */ = {isa = PBXFileReference; fileEncoding = 4; lastKnownFileType = sourcecode.c.objc; path = DOPDropDownMenu1.m; sourceTree = "<group>"; };
/* End PBXFileReference section */

/* Begin PBXFrameworksBuildPhase section */
		E7CA8F341EB9C31A008302A7 /* Frameworks */ = {
			isa = PBXFrameworksBuildPhase;
			buildActionMask = 2147483647;
			files = (
				0D2334FB13709FD0E99709E2 /* Pods_fangMT.framework in Frameworks */,
			);
			runOnlyForDeploymentPostprocessing = 0;
		};
		E7CA8F4D1EB9C31A008302A7 /* Frameworks */ = {
			isa = PBXFrameworksBuildPhase;
			buildActionMask = 2147483647;
			files = (
			);
			runOnlyForDeploymentPostprocessing = 0;
		};
		E7CA8F581EB9C31A008302A7 /* Frameworks */ = {
			isa = PBXFrameworksBuildPhase;
			buildActionMask = 2147483647;
			files = (
			);
			runOnlyForDeploymentPostprocessing = 0;
		};
/* End PBXFrameworksBuildPhase section */

/* Begin PBXGroup section */
		1BE09A1C69EB6210D7BC5846 /* Frameworks */ = {
			isa = PBXGroup;
			children = (
				AC298A2CBAC626D63C13B815 /* Pods_fangMT.framework */,
			);
			name = Frameworks;
			sourceTree = "<group>";
		};
		DD2524975DC582A81E8A5B8E /* Pods */ = {
			isa = PBXGroup;
			children = (
				73078405244DF39C152B10EE /* Pods-fangMT.debug.xcconfig */,
				28BE4439AD234E696C02332B /* Pods-fangMT.release.xcconfig */,
			);
			name = Pods;
			sourceTree = "<group>";
		};
		E71F73F51EBEFD5D00947704 /* TableHeaderView */ = {
			isa = PBXGroup;
			children = (
				E78AFCB31EBBF00400A58889 /* HomePageTableHeaderView.h */,
				E78AFCB41EBBF00400A58889 /* HomePageTableHeaderView.m */,
				E759DD6A1EC228CB00C4F2EE /* RecommendViewController */,
				E759DD661EC2288500C4F2EE /* FilterViewController */,
			);
			name = TableHeaderView;
			sourceTree = "<group>";
		};
		E71F73FC1EBEFF1D00947704 /* MerchantInfoList */ = {
			isa = PBXGroup;
			children = (
				E78AFCA81EBAD61A00A58889 /* MerchantInfoListModel.h */,
				E78AFCA91EBAD61A00A58889 /* MerchantInfoListModel.m */,
				E78AFCAB1EBAD63F00A58889 /* MerchantInfoListViewModel.h */,
				E78AFCAC1EBAD63F00A58889 /* MerchantInfoListViewModel.m */,
				E78AFCAE1EBAD9A500A58889 /* MerchantInfoListTableViewCell.h */,
				E78AFCAF1EBAD9A500A58889 /* MerchantInfoListTableViewCell.m */,
			);
			name = MerchantInfoList;
			sourceTree = "<group>";
		};
		E759DD661EC2288500C4F2EE /* FilterViewController */ = {
			isa = PBXGroup;
			children = (
				E759DD631EC2233800C4F2EE /* HomePageFilterCollectionViewController.h */,
				E759DD641EC2233800C4F2EE /* HomePageFilterCollectionViewController.m */,
				E71F73F21EBEFC6900947704 /* HomePageFilterCollectionViewCell.h */,
				E71F73F31EBEFC6900947704 /* HomePageFilterCollectionViewCell.m */,
				E71F73F61EBEFDD100947704 /* HomePageFilterCollectionViewViewModel.h */,
				E71F73F71EBEFDD100947704 /* HomePageFilterCollectionViewViewModel.m */,
				E71F73F91EBEFEAE00947704 /* HomePageFilterCollectionViewModel.h */,
				E71F73FA1EBEFEAE00947704 /* HomePageFilterCollectionViewModel.m */,
			);
			name = FilterViewController;
			sourceTree = "<group>";
		};
		E759DD6A1EC228CB00C4F2EE /* RecommendViewController */ = {
			isa = PBXGroup;
			children = (
				E759DD671EC228B700C4F2EE /* HomePageRecommendViewController.h */,
				E759DD681EC228B700C4F2EE /* HomePageRecommendViewController.m */,
				E759DD6B1EC2295200C4F2EE /* HomePageRecommendViewModel.h */,
				E759DD6C1EC2295200C4F2EE /* HomePageRecommendViewModel.m */,
				E759DD6E1EC2297500C4F2EE /* HomePageRecommendModel.h */,
				E759DD6F1EC2297500C4F2EE /* HomePageRecommendModel.m */,
				E759DD711EC22E9C00C4F2EE /* HomePageRecommendViewCell.h */,
				E759DD721EC22E9C00C4F2EE /* HomePageRecommendViewCell.m */,
			);
			name = RecommendViewController;
			sourceTree = "<group>";
		};
		E7CA8F2E1EB9C31A008302A7 = {
			isa = PBXGroup;
			children = (
				E7AB3E771EBC891F0028D948 /* CommonHeader.pch */,
				E7CA8F391EB9C31A008302A7 /* fangMT */,
				E7F567321EBF7FDB00AB78EC /* MJChiBaoZiHeader.h */,
				E7F567331EBF7FDB00AB78EC /* MJChiBaoZiHeader.m */,
				E71F73EF1EBEEDE500947704 /* UIView+Border.h */,
				E71F73F01EBEEDE500947704 /* UIView+Border.m */,
				E7CA8F531EB9C31A008302A7 /* fangMTTests */,
				E7CA8F5E1EB9C31A008302A7 /* fangMTUITests */,
				E7CA8F381EB9C31A008302A7 /* Products */,
				DD2524975DC582A81E8A5B8E /* Pods */,
				1BE09A1C69EB6210D7BC5846 /* Frameworks */,
			);
			sourceTree = "<group>";
		};
		E7CA8F381EB9C31A008302A7 /* Products */ = {
			isa = PBXGroup;
			children = (
				E7CA8F371EB9C31A008302A7 /* fangMT.app */,
				E7CA8F501EB9C31A008302A7 /* fangMTTests.xctest */,
				E7CA8F5B1EB9C31A008302A7 /* fangMTUITests.xctest */,
			);
			name = Products;
			sourceTree = "<group>";
		};
		E7CA8F391EB9C31A008302A7 /* fangMT */ = {
			isa = PBXGroup;
			children = (
				E7CA8F3D1EB9C31A008302A7 /* AppDelegate.h */,
				E7CA8F3E1EB9C31A008302A7 /* AppDelegate.m */,
				E7CA8F401EB9C31A008302A7 /* HomePageViewController.h */,
				E7CA8F411EB9C31A008302A7 /* HomePageViewController.m */,
				E7CA8F431EB9C31A008302A7 /* Main.storyboard */,
				E7CA8F461EB9C31A008302A7 /* Assets.xcassets */,
				E7CA8F481EB9C31A008302A7 /* LaunchScreen.storyboard */,
				E7CA8F4B1EB9C31A008302A7 /* Info.plist */,
				E71F73F51EBEFD5D00947704 /* TableHeaderView */,
				E71F73FC1EBEFF1D00947704 /* MerchantInfoList */,
				E7CA8F3A1EB9C31A008302A7 /* Supporting Files */,
				E7F567391EC1458300AB78EC /* DOPDropDownMenu1.h */,
				E7F5673A1EC1458300AB78EC /* DOPDropDownMenu1.m */,
			);
			path = fangMT;
			sourceTree = "<group>";
		};
		E7CA8F3A1EB9C31A008302A7 /* Supporting Files */ = {
			isa = PBXGroup;
			children = (
				E7CA8F3B1EB9C31A008302A7 /* main.m */,
			);
			name = "Supporting Files";
			sourceTree = "<group>";
		};
		E7CA8F531EB9C31A008302A7 /* fangMTTests */ = {
			isa = PBXGroup;
			children = (
				E7CA8F541EB9C31A008302A7 /* fangMTTests.m */,
				E7CA8F561EB9C31A008302A7 /* Info.plist */,
			);
			path = fangMTTests;
			sourceTree = "<group>";
		};
		E7CA8F5E1EB9C31A008302A7 /* fangMTUITests */ = {
			isa = PBXGroup;
			children = (
				E7CA8F5F1EB9C31A008302A7 /* fangMTUITests.m */,
				E7CA8F611EB9C31A008302A7 /* Info.plist */,
			);
			path = fangMTUITests;
			sourceTree = "<group>";
		};
/* End PBXGroup section */

/* Begin PBXNativeTarget section */
		E7CA8F361EB9C31A008302A7 /* fangMT */ = {
			isa = PBXNativeTarget;
			buildConfigurationList = E7CA8F641EB9C31A008302A7 /* Build configuration list for PBXNativeTarget "fangMT" */;
			buildPhases = (
				16925789CB91EC3D73513997 /* [CP] Check Pods Manifest.lock */,
				E7CA8F331EB9C31A008302A7 /* Sources */,
				E7CA8F341EB9C31A008302A7 /* Frameworks */,
				E7CA8F351EB9C31A008302A7 /* Resources */,
				5D23AE4F3BD27228308749EF /* [CP] Embed Pods Frameworks */,
				2302283EF7D0CB583C4EE387 /* [CP] Copy Pods Resources */,
			);
			buildRules = (
			);
			dependencies = (
			);
			name = fangMT;
			productName = fangMT;
			productReference = E7CA8F371EB9C31A008302A7 /* fangMT.app */;
			productType = "com.apple.product-type.application";
		};
		E7CA8F4F1EB9C31A008302A7 /* fangMTTests */ = {
			isa = PBXNativeTarget;
			buildConfigurationList = E7CA8F671EB9C31A008302A7 /* Build configuration list for PBXNativeTarget "fangMTTests" */;
			buildPhases = (
				E7CA8F4C1EB9C31A008302A7 /* Sources */,
				E7CA8F4D1EB9C31A008302A7 /* Frameworks */,
				E7CA8F4E1EB9C31A008302A7 /* Resources */,
			);
			buildRules = (
			);
			dependencies = (
				E7CA8F521EB9C31A008302A7 /* PBXTargetDependency */,
			);
			name = fangMTTests;
			productName = fangMTTests;
			productReference = E7CA8F501EB9C31A008302A7 /* fangMTTests.xctest */;
			productType = "com.apple.product-type.bundle.unit-test";
		};
		E7CA8F5A1EB9C31A008302A7 /* fangMTUITests */ = {
			isa = PBXNativeTarget;
			buildConfigurationList = E7CA8F6A1EB9C31A008302A7 /* Build configuration list for PBXNativeTarget "fangMTUITests" */;
			buildPhases = (
				E7CA8F571EB9C31A008302A7 /* Sources */,
				E7CA8F581EB9C31A008302A7 /* Frameworks */,
				E7CA8F591EB9C31A008302A7 /* Resources */,
			);
			buildRules = (
			);
			dependencies = (
				E7CA8F5D1EB9C31A008302A7 /* PBXTargetDependency */,
			);
			name = fangMTUITests;
			productName = fangMTUITests;
			productReference = E7CA8F5B1EB9C31A008302A7 /* fangMTUITests.xctest */;
			productType = "com.apple.product-type.bundle.ui-testing";
		};
/* End PBXNativeTarget section */

/* Begin PBXProject section */
		E7CA8F2F1EB9C31A008302A7 /* Project object */ = {
			isa = PBXProject;
			attributes = {
				LastUpgradeCheck = 0830;
				ORGANIZATIONNAME = Rong;
				TargetAttributes = {
					E7CA8F361EB9C31A008302A7 = {
						CreatedOnToolsVersion = 8.3;
						ProvisioningStyle = Automatic;
					};
					E7CA8F4F1EB9C31A008302A7 = {
						CreatedOnToolsVersion = 8.3;
						ProvisioningStyle = Automatic;
						TestTargetID = E7CA8F361EB9C31A008302A7;
					};
					E7CA8F5A1EB9C31A008302A7 = {
						CreatedOnToolsVersion = 8.3;
						ProvisioningStyle = Automatic;
						TestTargetID = E7CA8F361EB9C31A008302A7;
					};
				};
			};
			buildConfigurationList = E7CA8F321EB9C31A008302A7 /* Build configuration list for PBXProject "fangMT" */;
			compatibilityVersion = "Xcode 3.2";
			developmentRegion = English;
			hasScannedForEncodings = 0;
			knownRegions = (
				en,
				Base,
			);
			mainGroup = E7CA8F2E1EB9C31A008302A7;
			productRefGroup = E7CA8F381EB9C31A008302A7 /* Products */;
			projectDirPath = "";
			projectRoot = "";
			targets = (
				E7CA8F361EB9C31A008302A7 /* fangMT */,
				E7CA8F4F1EB9C31A008302A7 /* fangMTTests */,
				E7CA8F5A1EB9C31A008302A7 /* fangMTUITests */,
			);
		};
/* End PBXProject section */

/* Begin PBXResourcesBuildPhase section */
		E7CA8F351EB9C31A008302A7 /* Resources */ = {
			isa = PBXResourcesBuildPhase;
			buildActionMask = 2147483647;
			files = (
				E7CA8F4A1EB9C31A008302A7 /* LaunchScreen.storyboard in Resources */,
				E7CA8F471EB9C31A008302A7 /* Assets.xcassets in Resources */,
				E7CA8F451EB9C31A008302A7 /* Main.storyboard in Resources */,
			);
			runOnlyForDeploymentPostprocessing = 0;
		};
		E7CA8F4E1EB9C31A008302A7 /* Resources */ = {
			isa = PBXResourcesBuildPhase;
			buildActionMask = 2147483647;
			files = (
			);
			runOnlyForDeploymentPostprocessing = 0;
		};
		E7CA8F591EB9C31A008302A7 /* Resources */ = {
			isa = PBXResourcesBuildPhase;
			buildActionMask = 2147483647;
			files = (
			);
			runOnlyForDeploymentPostprocessing = 0;
		};
/* End PBXResourcesBuildPhase section */

/* Begin PBXShellScriptBuildPhase section */
		16925789CB91EC3D73513997 /* [CP] Check Pods Manifest.lock */ = {
			isa = PBXShellScriptBuildPhase;
			buildActionMask = 2147483647;
			files = (
			);
			inputPaths = (
			);
			name = "[CP] Check Pods Manifest.lock";
			outputPaths = (
			);
			runOnlyForDeploymentPostprocessing = 0;
			shellPath = /bin/sh;
			shellScript = "diff \"${PODS_PODFILE_DIR_PATH}/Podfile.lock\" \"${PODS_ROOT}/Manifest.lock\" > /dev/null\nif [ $? != 0 ] ; then\n    # print error to STDERR\n    echo \"error: The sandbox is not in sync with the Podfile.lock. Run 'pod install' or update your CocoaPods installation.\" >&2\n    exit 1\nfi\n";
			showEnvVarsInLog = 0;
		};
		2302283EF7D0CB583C4EE387 /* [CP] Copy Pods Resources */ = {
			isa = PBXShellScriptBuildPhase;
			buildActionMask = 2147483647;
			files = (
			);
			inputPaths = (
			);
			name = "[CP] Copy Pods Resources";
			outputPaths = (
			);
			runOnlyForDeploymentPostprocessing = 0;
			shellPath = /bin/sh;
			shellScript = "\"${SRCROOT}/Pods/Target Support Files/Pods-fangMT/Pods-fangMT-resources.sh\"\n";
			showEnvVarsInLog = 0;
		};
		5D23AE4F3BD27228308749EF /* [CP] Embed Pods Frameworks */ = {
			isa = PBXShellScriptBuildPhase;
			buildActionMask = 2147483647;
			files = (
			);
			inputPaths = (
			);
			name = "[CP] Embed Pods Frameworks";
			outputPaths = (
			);
			runOnlyForDeploymentPostprocessing = 0;
			shellPath = /bin/sh;
			shellScript = "\"${SRCROOT}/Pods/Target Support Files/Pods-fangMT/Pods-fangMT-frameworks.sh\"\n";
			showEnvVarsInLog = 0;
		};
/* End PBXShellScriptBuildPhase section */

/* Begin PBXSourcesBuildPhase section */
		E7CA8F331EB9C31A008302A7 /* Sources */ = {
			isa = PBXSourcesBuildPhase;
			buildActionMask = 2147483647;
			files = (
				E759DD691EC228B700C4F2EE /* HomePageRecommendViewController.m in Sources */,
				E759DD701EC2297500C4F2EE /* HomePageRecommendModel.m in Sources */,
				E7F567341EBF7FDB00AB78EC /* MJChiBaoZiHeader.m in Sources */,
				E7F5673B1EC1458300AB78EC /* DOPDropDownMenu1.m in Sources */,
				E78AFCB01EBAD9A500A58889 /* MerchantInfoListTableViewCell.m in Sources */,
				E759DD651EC2233800C4F2EE /* HomePageFilterCollectionViewController.m in Sources */,
				E78AFCB51EBBF00400A58889 /* HomePageTableHeaderView.m in Sources */,
				E759DD6D1EC2295200C4F2EE /* HomePageRecommendViewModel.m in Sources */,
				E7CA8F421EB9C31A008302A7 /* HomePageViewController.m in Sources */,
				E71F73F41EBEFC6900947704 /* HomePageFilterCollectionViewCell.m in Sources */,
				E71F73F81EBEFDD100947704 /* HomePageFilterCollectionViewViewModel.m in Sources */,
				E71F73FB1EBEFEAE00947704 /* HomePageFilterCollectionViewModel.m in Sources */,
				E759DD731EC22E9C00C4F2EE /* HomePageRecommendViewCell.m in Sources */,
				E7CA8F3F1EB9C31A008302A7 /* AppDelegate.m in Sources */,
				E71F73F11EBEEDE500947704 /* UIView+Border.m in Sources */,
				E78AFCAD1EBAD63F00A58889 /* MerchantInfoListViewModel.m in Sources */,
				E7CA8F3C1EB9C31A008302A7 /* main.m in Sources */,
				E78AFCAA1EBAD61A00A58889 /* MerchantInfoListModel.m in Sources */,
			);
			runOnlyForDeploymentPostprocessing = 0;
		};
		E7CA8F4C1EB9C31A008302A7 /* Sources */ = {
			isa = PBXSourcesBuildPhase;
			buildActionMask = 2147483647;
			files = (
				E7CA8F551EB9C31A008302A7 /* fangMTTests.m in Sources */,
			);
			runOnlyForDeploymentPostprocessing = 0;
		};
		E7CA8F571EB9C31A008302A7 /* Sources */ = {
			isa = PBXSourcesBuildPhase;
			buildActionMask = 2147483647;
			files = (
				E7CA8F601EB9C31A008302A7 /* fangMTUITests.m in Sources */,
			);
			runOnlyForDeploymentPostprocessing = 0;
		};
/* End PBXSourcesBuildPhase section */

/* Begin PBXTargetDependency section */
		E7CA8F521EB9C31A008302A7 /* PBXTargetDependency */ = {
			isa = PBXTargetDependency;
			target = E7CA8F361EB9C31A008302A7 /* fangMT */;
			targetProxy = E7CA8F511EB9C31A008302A7 /* PBXContainerItemProxy */;
		};
		E7CA8F5D1EB9C31A008302A7 /* PBXTargetDependency */ = {
			isa = PBXTargetDependency;
			target = E7CA8F361EB9C31A008302A7 /* fangMT */;
			targetProxy = E7CA8F5C1EB9C31A008302A7 /* PBXContainerItemProxy */;
		};
/* End PBXTargetDependency section */

/* Begin PBXVariantGroup section */
		E7CA8F431EB9C31A008302A7 /* Main.storyboard */ = {
			isa = PBXVariantGroup;
			children = (
				E7CA8F441EB9C31A008302A7 /* Base */,
			);
			name = Main.storyboard;
			sourceTree = "<group>";
		};
		E7CA8F481EB9C31A008302A7 /* LaunchScreen.storyboard */ = {
			isa = PBXVariantGroup;
			children = (
				E7CA8F491EB9C31A008302A7 /* Base */,
			);
			name = LaunchScreen.storyboard;
			sourceTree = "<group>";
		};
/* End PBXVariantGroup section */

/* Begin XCBuildConfiguration section */
		E7CA8F621EB9C31A008302A7 /* Debug */ = {
			isa = XCBuildConfiguration;
			buildSettings = {
				ALWAYS_SEARCH_USER_PATHS = NO;
				CLANG_ANALYZER_NONNULL = YES;
				CLANG_ANALYZER_NUMBER_OBJECT_CONVERSION = YES_AGGRESSIVE;
				CLANG_CXX_LANGUAGE_STANDARD = "gnu++0x";
				CLANG_CXX_LIBRARY = "libc++";
				CLANG_ENABLE_MODULES = YES;
				CLANG_ENABLE_OBJC_ARC = YES;
				CLANG_WARN_BOOL_CONVERSION = YES;
				CLANG_WARN_CONSTANT_CONVERSION = YES;
				CLANG_WARN_DIRECT_OBJC_ISA_USAGE = YES_ERROR;
				CLANG_WARN_DOCUMENTATION_COMMENTS = YES;
				CLANG_WARN_EMPTY_BODY = YES;
				CLANG_WARN_ENUM_CONVERSION = YES;
				CLANG_WARN_INFINITE_RECURSION = YES;
				CLANG_WARN_INT_CONVERSION = YES;
				CLANG_WARN_OBJC_ROOT_CLASS = YES_ERROR;
				CLANG_WARN_SUSPICIOUS_MOVE = YES;
				CLANG_WARN_UNREACHABLE_CODE = YES;
				CLANG_WARN__DUPLICATE_METHOD_MATCH = YES;
				"CODE_SIGN_IDENTITY[sdk=iphoneos*]" = "iPhone Developer";
				COPY_PHASE_STRIP = NO;
				DEBUG_INFORMATION_FORMAT = dwarf;
				ENABLE_STRICT_OBJC_MSGSEND = YES;
				ENABLE_TESTABILITY = YES;
				GCC_C_LANGUAGE_STANDARD = gnu99;
				GCC_DYNAMIC_NO_PIC = NO;
				GCC_NO_COMMON_BLOCKS = YES;
				GCC_OPTIMIZATION_LEVEL = 0;
				GCC_PREPROCESSOR_DEFINITIONS = (
					"DEBUG=1",
					"$(inherited)",
				);
				GCC_WARN_64_TO_32_BIT_CONVERSION = YES;
				GCC_WARN_ABOUT_RETURN_TYPE = YES_ERROR;
				GCC_WARN_UNDECLARED_SELECTOR = YES;
				GCC_WARN_UNINITIALIZED_AUTOS = YES_AGGRESSIVE;
				GCC_WARN_UNUSED_FUNCTION = YES;
				GCC_WARN_UNUSED_VARIABLE = YES;
				IPHONEOS_DEPLOYMENT_TARGET = 10.3;
				MTL_ENABLE_DEBUG_INFO = YES;
				ONLY_ACTIVE_ARCH = YES;
				SDKROOT = iphoneos;
				TARGETED_DEVICE_FAMILY = "1,2";
			};
			name = Debug;
		};
		E7CA8F631EB9C31A008302A7 /* Release */ = {
			isa = XCBuildConfiguration;
			buildSettings = {
				ALWAYS_SEARCH_USER_PATHS = NO;
				CLANG_ANALYZER_NONNULL = YES;
				CLANG_ANALYZER_NUMBER_OBJECT_CONVERSION = YES_AGGRESSIVE;
				CLANG_CXX_LANGUAGE_STANDARD = "gnu++0x";
				CLANG_CXX_LIBRARY = "libc++";
				CLANG_ENABLE_MODULES = YES;
				CLANG_ENABLE_OBJC_ARC = YES;
				CLANG_WARN_BOOL_CONVERSION = YES;
				CLANG_WARN_CONSTANT_CONVERSION = YES;
				CLANG_WARN_DIRECT_OBJC_ISA_USAGE = YES_ERROR;
				CLANG_WARN_DOCUMENTATION_COMMENTS = YES;
				CLANG_WARN_EMPTY_BODY = YES;
				CLANG_WARN_ENUM_CONVERSION = YES;
				CLANG_WARN_INFINITE_RECURSION = YES;
				CLANG_WARN_INT_CONVERSION = YES;
				CLANG_WARN_OBJC_ROOT_CLASS = YES_ERROR;
				CLANG_WARN_SUSPICIOUS_MOVE = YES;
				CLANG_WARN_UNREACHABLE_CODE = YES;
				CLANG_WARN__DUPLICATE_METHOD_MATCH = YES;
				"CODE_SIGN_IDENTITY[sdk=iphoneos*]" = "iPhone Developer";
				COPY_PHASE_STRIP = NO;
				DEBUG_INFORMATION_FORMAT = "dwarf-with-dsym";
				ENABLE_NS_ASSERTIONS = NO;
				ENABLE_STRICT_OBJC_MSGSEND = YES;
				GCC_C_LANGUAGE_STANDARD = gnu99;
				GCC_NO_COMMON_BLOCKS = YES;
				GCC_WARN_64_TO_32_BIT_CONVERSION = YES;
				GCC_WARN_ABOUT_RETURN_TYPE = YES_ERROR;
				GCC_WARN_UNDECLARED_SELECTOR = YES;
				GCC_WARN_UNINITIALIZED_AUTOS = YES_AGGRESSIVE;
				GCC_WARN_UNUSED_FUNCTION = YES;
				GCC_WARN_UNUSED_VARIABLE = YES;
				IPHONEOS_DEPLOYMENT_TARGET = 10.3;
				MTL_ENABLE_DEBUG_INFO = NO;
				SDKROOT = iphoneos;
				TARGETED_DEVICE_FAMILY = "1,2";
				VALIDATE_PRODUCT = YES;
			};
			name = Release;
		};
		E7CA8F651EB9C31A008302A7 /* Debug */ = {
			isa = XCBuildConfiguration;
			baseConfigurationReference = 73078405244DF39C152B10EE /* Pods-fangMT.debug.xcconfig */;
			buildSettings = {
				ASSETCATALOG_COMPILER_APPICON_NAME = AppIcon;
				GCC_PREFIX_HEADER = /Users/rong/Desktop/fangMT/CommonHeader.pch;
				INFOPLIST_FILE = fangMT/Info.plist;
				LD_RUNPATH_SEARCH_PATHS = "$(inherited) @executable_path/Frameworks";
				PRODUCT_BUNDLE_IDENTIFIER = cheng.fangMT;
				PRODUCT_NAME = "$(TARGET_NAME)";
			};
			name = Debug;
		};
		E7CA8F661EB9C31A008302A7 /* Release */ = {
			isa = XCBuildConfiguration;
			baseConfigurationReference = 28BE4439AD234E696C02332B /* Pods-fangMT.release.xcconfig */;
			buildSettings = {
				ASSETCATALOG_COMPILER_APPICON_NAME = AppIcon;
				GCC_PREFIX_HEADER = /Users/rong/Desktop/fangMT/CommonHeader.pch;
				INFOPLIST_FILE = fangMT/Info.plist;
				LD_RUNPATH_SEARCH_PATHS = "$(inherited) @executable_path/Frameworks";
				PRODUCT_BUNDLE_IDENTIFIER = cheng.fangMT;
				PRODUCT_NAME = "$(TARGET_NAME)";
			};
			name = Release;
		};
		E7CA8F681EB9C31A008302A7 /* Debug */ = {
			isa = XCBuildConfiguration;
			buildSettings = {
				BUNDLE_LOADER = "$(TEST_HOST)";
				INFOPLIST_FILE = fangMTTests/Info.plist;
				LD_RUNPATH_SEARCH_PATHS = "$(inherited) @executable_path/Frameworks @loader_path/Frameworks";
				PRODUCT_BUNDLE_IDENTIFIER = cheng.fangMTTests;
				PRODUCT_NAME = "$(TARGET_NAME)";
				TEST_HOST = "$(BUILT_PRODUCTS_DIR)/fangMT.app/fangMT";
			};
			name = Debug;
		};
		E7CA8F691EB9C31A008302A7 /* Release */ = {
			isa = XCBuildConfiguration;
			buildSettings = {
				BUNDLE_LOADER = "$(TEST_HOST)";
				INFOPLIST_FILE = fangMTTests/Info.plist;
				LD_RUNPATH_SEARCH_PATHS = "$(inherited) @executable_path/Frameworks @loader_path/Frameworks";
				PRODUCT_BUNDLE_IDENTIFIER = cheng.fangMTTests;
				PRODUCT_NAME = "$(TARGET_NAME)";
				TEST_HOST = "$(BUILT_PRODUCTS_DIR)/fangMT.app/fangMT";
			};
			name = Release;
		};
		E7CA8F6B1EB9C31A008302A7 /* Debug */ = {
			isa = XCBuildConfiguration;
			buildSettings = {
				INFOPLIST_FILE = fangMTUITests/Info.plist;
				LD_RUNPATH_SEARCH_PATHS = "$(inherited) @executable_path/Frameworks @loader_path/Frameworks";
				PRODUCT_BUNDLE_IDENTIFIER = cheng.fangMTUITests;
				PRODUCT_NAME = "$(TARGET_NAME)";
				TEST_TARGET_NAME = fangMT;
			};
			name = Debug;
		};
		E7CA8F6C1EB9C31A008302A7 /* Release */ = {
			isa = XCBuildConfiguration;
			buildSettings = {
				INFOPLIST_FILE = fangMTUITests/Info.plist;
				LD_RUNPATH_SEARCH_PATHS = "$(inherited) @executable_path/Frameworks @loader_path/Frameworks";
				PRODUCT_BUNDLE_IDENTIFIER = cheng.fangMTUITests;
				PRODUCT_NAME = "$(TARGET_NAME)";
				TEST_TARGET_NAME = fangMT;
			};
			name = Release;
		};
/* End XCBuildConfiguration section */

/* Begin XCConfigurationList section */
		E7CA8F321EB9C31A008302A7 /* Build configuration list for PBXProject "fangMT" */ = {
			isa = XCConfigurationList;
			buildConfigurations = (
				E7CA8F621EB9C31A008302A7 /* Debug */,
				E7CA8F631EB9C31A008302A7 /* Release */,
			);
			defaultConfigurationIsVisible = 0;
			defaultConfigurationName = Release;
		};
		E7CA8F641EB9C31A008302A7 /* Build configuration list for PBXNativeTarget "fangMT" */ = {
			isa = XCConfigurationList;
			buildConfigurations = (
				E7CA8F651EB9C31A008302A7 /* Debug */,
				E7CA8F661EB9C31A008302A7 /* Release */,
			);
			defaultConfigurationIsVisible = 0;
			defaultConfigurationName = Release;
		};
		E7CA8F671EB9C31A008302A7 /* Build configuration list for PBXNativeTarget "fangMTTests" */ = {
			isa = XCConfigurationList;
			buildConfigurations = (
				E7CA8F681EB9C31A008302A7 /* Debug */,
				E7CA8F691EB9C31A008302A7 /* Release */,
			);
			defaultConfigurationIsVisible = 0;
			defaultConfigurationName = Release;
		};
		E7CA8F6A1EB9C31A008302A7 /* Build configuration list for PBXNativeTarget "fangMTUITests" */ = {
			isa = XCConfigurationList;
			buildConfigurations = (
				E7CA8F6B1EB9C31A008302A7 /* Debug */,
				E7CA8F6C1EB9C31A008302A7 /* Release */,
			);
			defaultConfigurationIsVisible = 0;
			defaultConfigurationName = Release;
		};
/* End XCConfigurationList section */
	};
	rootObject = E7CA8F2F1EB9C31A008302A7 /* Project object */;
}
